
Microsoft Visual Studio Solution File, Format Version 12.00
# Visual Studio Version 17
VisualStudioVersion = 17.2.32602.215
MinimumVisualStudioVersion = 10.0.40219.1
Project("{9A19103F-16F7-4668-BE54-9A1E7A4F7556}") = "PetShop.API", "PetShop.API\PetShop.API.csproj", "{94041CBA-9B51-4EEC-B194-97B29CAC905B}"
EndProject
Project("{FAE04EC0-301F-11D3-BF4B-00C04F79EFBC}") = "PetShop.Domain", "PetShop.Domain\PetShop.Domain.csproj", "{5ACBE033-FC33-4FAA-869E-C8B4274E72BA}"
EndProject
Project("{FAE04EC0-301F-11D3-BF4B-00C04F79EFBC}") = "PetShop.Infra", "PetShop.Infra\PetShop.Infra.csproj", "{FE9F5A4B-EE8B-43E1-AA06-B729A857173F}"
EndProject
Global
	GlobalSection(SolutionConfigurationPlatforms) = preSolution
		Debug|Any CPU = Debug|Any CPU
		Release|Any CPU = Release|Any CPU
	EndGlobalSection
	GlobalSection(ProjectConfigurationPlatforms) = postSolution
		{94041CBA-9B51-4EEC-B194-97B29CAC905B}.Debug|Any CPU.ActiveCfg = Debug|Any CPU
		{94041CBA-9B51-4EEC-B194-97B29CAC905B}.Debug|Any CPU.Build.0 = Debug|Any CPU
		{94041CBA-9B51-4EEC-B194-97B29CAC905B}.Release|Any CPU.ActiveCfg = Release|Any CPU
		{94041CBA-9B51-4EEC-B194-97B29CAC905B}.Release|Any CPU.Build.0 = Release|Any CPU
		{5ACBE033-FC33-4FAA-869E-C8B4274E72BA}.Debug|Any CPU.ActiveCfg = Debug|Any CPU
		{5ACBE033-FC33-4FAA-869E-C8B4274E72BA}.Debug|Any CPU.Build.0 = Debug|Any CPU
		{5ACBE033-FC33-4FAA-869E-C8B4274E72BA}.Release|Any CPU.ActiveCfg = Release|Any CPU
		{5ACBE033-FC33-4FAA-869E-C8B4274E72BA}.Release|Any CPU.Build.0 = Release|Any CPU
		{FE9F5A4B-EE8B-43E1-AA06-B729A857173F}.Debug|Any CPU.ActiveCfg = Debug|Any CPU
		{FE9F5A4B-EE8B-43E1-AA06-B729A857173F}.Debug|Any CPU.Build.0 = Debug|Any CPU
		{FE9F5A4B-EE8B-43E1-AA06-B729A857173F}.Release|Any CPU.ActiveCfg = Release|Any CPU
		{FE9F5A4B-EE8B-43E1-AA06-B729A857173F}.Release|Any CPU.Build.0 = Release|Any CPU
	EndGlobalSection
	GlobalSection(SolutionProperties) = preSolution
		HideSolutionNode = FALSE
	EndGlobalSection
	GlobalSection(ExtensibilityGlobals) = postSolution
		SolutionGuid = {893D0D95-209C-465C-AE5B-3DD42FE0A49D}
	EndGlobalSection
EndGlobal
